// !$*UTF8*$!
{
	archiveVersion = 1;
	classes = {
	};
	objectVersion = 51;
	objects = {

/* Begin PBXBuildFile section */
		37D119DC898AFFD0C8D829C9 /* Pods_Marvel_Portal.framework in Frameworks */ = {isa = PBXBuildFile; fileRef = A2B88118336B86B5F2E6228D /* Pods_Marvel_Portal.framework */; };
		834D02032584ED9C0050EEBE /* AppDelegate.swift in Sources */ = {isa = PBXBuildFile; fileRef = 834D02022584ED9C0050EEBE /* AppDelegate.swift */; };
		834D02052584ED9C0050EEBE /* SceneDelegate.swift in Sources */ = {isa = PBXBuildFile; fileRef = 834D02042584ED9C0050EEBE /* SceneDelegate.swift */; };
		834D02072584ED9C0050EEBE /* ViewController.swift in Sources */ = {isa = PBXBuildFile; fileRef = 834D02062584ED9C0050EEBE /* ViewController.swift */; };
		834D020A2584ED9C0050EEBE /* Main.storyboard in Resources */ = {isa = PBXBuildFile; fileRef = 834D02082584ED9C0050EEBE /* Main.storyboard */; };
		834D020C2584ED9E0050EEBE /* Assets.xcassets in Resources */ = {isa = PBXBuildFile; fileRef = 834D020B2584ED9E0050EEBE /* Assets.xcassets */; };
		834D020F2584ED9E0050EEBE /* LaunchScreen.storyboard in Resources */ = {isa = PBXBuildFile; fileRef = 834D020D2584ED9E0050EEBE /* LaunchScreen.storyboard */; };
		834D02182584EE270050EEBE /* APICharactersList.swift in Sources */ = {isa = PBXBuildFile; fileRef = 834D02172584EE270050EEBE /* APICharactersList.swift */; };
		834D02222585037A0050EEBE /* MarvelCVCell.swift in Sources */ = {isa = PBXBuildFile; fileRef = 834D02212585037A0050EEBE /* MarvelCVCell.swift */; };
		834D02262585041E0050EEBE /* Constants.swift in Sources */ = {isa = PBXBuildFile; fileRef = 834D02252585041E0050EEBE /* Constants.swift */; };
		838B1DF3258792C90035E3DE /* APIManager.swift in Sources */ = {isa = PBXBuildFile; fileRef = 838B1DF2258792C90035E3DE /* APIManager.swift */; };
		838B1DF6258794F20035E3DE /* CharactersName.swift in Sources */ = {isa = PBXBuildFile; fileRef = 838B1DF5258794F20035E3DE /* CharactersName.swift */; };
		838B1DFC2587B04F0035E3DE /* CharactersInfoVC.swift in Sources */ = {isa = PBXBuildFile; fileRef = 838B1DFB2587B04F0035E3DE /* CharactersInfoVC.swift */; };
/* End PBXBuildFile section */

/* Begin PBXFileReference section */
		18A909FF1BE6E80E1DFBEC22 /* Pods-Marvel Portal.debug.xcconfig */ = {isa = PBXFileReference; includeInIndex = 1; lastKnownFileType = text.xcconfig; name = "Pods-Marvel Portal.debug.xcconfig"; path = "Target Support Files/Pods-Marvel Portal/Pods-Marvel Portal.debug.xcconfig"; sourceTree = "<group>"; };
		58303B2024704829C7930ACD /* Pods-Marvel Portal.release.xcconfig */ = {isa = PBXFileReference; includeInIndex = 1; lastKnownFileType = text.xcconfig; name = "Pods-Marvel Portal.release.xcconfig"; path = "Target Support Files/Pods-Marvel Portal/Pods-Marvel Portal.release.xcconfig"; sourceTree = "<group>"; };
		834D01FF2584ED9C0050EEBE /* Marvel Portal.app */ = {isa = PBXFileReference; explicitFileType = wrapper.application; includeInIndex = 0; path = "Marvel Portal.app"; sourceTree = BUILT_PRODUCTS_DIR; };
		834D02022584ED9C0050EEBE /* AppDelegate.swift */ = {isa = PBXFileReference; lastKnownFileType = sourcecode.swift; path = AppDelegate.swift; sourceTree = "<group>"; };
		834D02042584ED9C0050EEBE /* SceneDelegate.swift */ = {isa = PBXFileReference; lastKnownFileType = sourcecode.swift; path = SceneDelegate.swift; sourceTree = "<group>"; };
		834D02062584ED9C0050EEBE /* ViewController.swift */ = {isa = PBXFileReference; lastKnownFileType = sourcecode.swift; path = ViewController.swift; sourceTree = "<group>"; };
		834D02092584ED9C0050EEBE /* Base */ = {isa = PBXFileReference; lastKnownFileType = file.storyboard; name = Base; path = Base.lproj/Main.storyboard; sourceTree = "<group>"; };
		834D020B2584ED9E0050EEBE /* Assets.xcassets */ = {isa = PBXFileReference; lastKnownFileType = folder.assetcatalog; path = Assets.xcassets; sourceTree = "<group>"; };
		834D020E2584ED9E0050EEBE /* Base */ = {isa = PBXFileReference; lastKnownFileType = file.storyboard; name = Base; path = Base.lproj/LaunchScreen.storyboard; sourceTree = "<group>"; };
		834D02102584ED9E0050EEBE /* Info.plist */ = {isa = PBXFileReference; lastKnownFileType = text.plist.xml; path = Info.plist; sourceTree = "<group>"; };
		834D02172584EE270050EEBE /* APICharactersList.swift */ = {isa = PBXFileReference; lastKnownFileType = sourcecode.swift; path = APICharactersList.swift; sourceTree = "<group>"; };
		834D02212585037A0050EEBE /* MarvelCVCell.swift */ = {isa = PBXFileReference; lastKnownFileType = sourcecode.swift; path = MarvelCVCell.swift; sourceTree = "<group>"; };
		834D02252585041E0050EEBE /* Constants.swift */ = {isa = PBXFileReference; lastKnownFileType = sourcecode.swift; path = Constants.swift; sourceTree = "<group>"; };
		838B1DF2258792C90035E3DE /* APIManager.swift */ = {isa = PBXFileReference; lastKnownFileType = sourcecode.swift; path = APIManager.swift; sourceTree = "<group>"; };
		838B1DF5258794F20035E3DE /* CharactersName.swift */ = {isa = PBXFileReference; lastKnownFileType = sourcecode.swift; path = CharactersName.swift; sourceTree = "<group>"; };
		838B1DFB2587B04F0035E3DE /* CharactersInfoVC.swift */ = {isa = PBXFileReference; lastKnownFileType = sourcecode.swift; path = CharactersInfoVC.swift; sourceTree = "<group>"; };
		A2B88118336B86B5F2E6228D /* Pods_Marvel_Portal.framework */ = {isa = PBXFileReference; explicitFileType = wrapper.framework; includeInIndex = 0; path = Pods_Marvel_Portal.framework; sourceTree = BUILT_PRODUCTS_DIR; };
/* End PBXFileReference section */

/* Begin PBXFrameworksBuildPhase section */
		834D01FC2584ED9C0050EEBE /* Frameworks */ = {
			isa = PBXFrameworksBuildPhase;
			buildActionMask = 2147483647;
			files = (
				37D119DC898AFFD0C8D829C9 /* Pods_Marvel_Portal.framework in Frameworks */,
			);
			runOnlyForDeploymentPostprocessing = 0;
		};
/* End PBXFrameworksBuildPhase section */

/* Begin PBXGroup section */
		220ABEA5853C804332CCF7A7 /* Pods */ = {
			isa = PBXGroup;
			children = (
				18A909FF1BE6E80E1DFBEC22 /* Pods-Marvel Portal.debug.xcconfig */,
				58303B2024704829C7930ACD /* Pods-Marvel Portal.release.xcconfig */,
			);
			path = Pods;
			sourceTree = "<group>";
		};
		595C96280A84AFFECCB6FEB3 /* Frameworks */ = {
			isa = PBXGroup;
			children = (
				A2B88118336B86B5F2E6228D /* Pods_Marvel_Portal.framework */,
			);
			name = Frameworks;
			sourceTree = "<group>";
		};
		834D01F62584ED9B0050EEBE = {
			isa = PBXGroup;
			children = (
				834D02012584ED9C0050EEBE /* Marvel Portal */,
				834D02002584ED9C0050EEBE /* Products */,
				220ABEA5853C804332CCF7A7 /* Pods */,
				595C96280A84AFFECCB6FEB3 /* Frameworks */,
			);
			sourceTree = "<group>";
		};
		834D02002584ED9C0050EEBE /* Products */ = {
			isa = PBXGroup;
			children = (
				834D01FF2584ED9C0050EEBE /* Marvel Portal.app */,
			);
			name = Products;
			sourceTree = "<group>";
		};
		834D02012584ED9C0050EEBE /* Marvel Portal */ = {
			isa = PBXGroup;
			children = (
				834D02022584ED9C0050EEBE /* AppDelegate.swift */,
				834D02042584ED9C0050EEBE /* SceneDelegate.swift */,
				834D02252585041E0050EEBE /* Constants.swift */,
				834D021A2584F11B0050EEBE /* Model */,
				834D021C2584F1230050EEBE /* Controller */,
				834D021F2584F1310050EEBE /* View */,
				834D020B2584ED9E0050EEBE /* Assets.xcassets */,
				834D020D2584ED9E0050EEBE /* LaunchScreen.storyboard */,
				834D02102584ED9E0050EEBE /* Info.plist */,
			);
			path = "Marvel Portal";
			sourceTree = "<group>";
		};
		834D021A2584F11B0050EEBE /* Model */ = {
			isa = PBXGroup;
			children = (
				834D02172584EE270050EEBE /* APICharactersList.swift */,
				838B1DF5258794F20035E3DE /* CharactersName.swift */,
				838B1DF2258792C90035E3DE /* APIManager.swift */,
			);
			path = Model;
			sourceTree = "<group>";
		};
		834D021C2584F1230050EEBE /* Controller */ = {
			isa = PBXGroup;
			children = (
				834D02062584ED9C0050EEBE /* ViewController.swift */,
				838B1DFB2587B04F0035E3DE /* CharactersInfoVC.swift */,
				834D02212585037A0050EEBE /* MarvelCVCell.swift */,
			);
			path = Controller;
			sourceTree = "<group>";
		};
		834D021F2584F1310050EEBE /* View */ = {
			isa = PBXGroup;
			children = (
				834D02082584ED9C0050EEBE /* Main.storyboard */,
			);
			path = View;
			sourceTree = "<group>";
		};
/* End PBXGroup section */

/* Begin PBXNativeTarget section */
		834D01FE2584ED9C0050EEBE /* Marvel Portal */ = {
			isa = PBXNativeTarget;
			buildConfigurationList = 834D02132584ED9E0050EEBE /* Build configuration list for PBXNativeTarget "Marvel Portal" */;
			buildPhases = (
				191F807D47CAFF108C523842 /* [CP] Check Pods Manifest.lock */,
				834D01FB2584ED9C0050EEBE /* Sources */,
				834D01FC2584ED9C0050EEBE /* Frameworks */,
				834D01FD2584ED9C0050EEBE /* Resources */,
				E32753166FC7392AB380584F /* [CP] Embed Pods Frameworks */,
			);
			buildRules = (
			);
			dependencies = (
			);
			name = "Marvel Portal";
			productName = "Marvel Portal";
			productReference = 834D01FF2584ED9C0050EEBE /* Marvel Portal.app */;
			productType = "com.apple.product-type.application";
		};
/* End PBXNativeTarget section */

/* Begin PBXProject section */
		834D01F72584ED9B0050EEBE /* Project object */ = {
			isa = PBXProject;
			attributes = {
				LastSwiftUpdateCheck = 1220;
				LastUpgradeCheck = 1220;
				TargetAttributes = {
					834D01FE2584ED9C0050EEBE = {
						CreatedOnToolsVersion = 12.2;
					};
				};
			};
			buildConfigurationList = 834D01FA2584ED9B0050EEBE /* Build configuration list for PBXProject "Marvel Portal" */;
			compatibilityVersion = "Xcode 9.3";
			developmentRegion = en;
			hasScannedForEncodings = 0;
			knownRegions = (
				en,
				Base,
			);
			mainGroup = 834D01F62584ED9B0050EEBE;
			productRefGroup = 834D02002584ED9C0050EEBE /* Products */;
			projectDirPath = "";
			projectRoot = "";
			targets = (
				834D01FE2584ED9C0050EEBE /* Marvel Portal */,
			);
		};
/* End PBXProject section */

/* Begin PBXResourcesBuildPhase section */
		834D01FD2584ED9C0050EEBE /* Resources */ = {
			isa = PBXResourcesBuildPhase;
			buildActionMask = 2147483647;
			files = (
				834D020F2584ED9E0050EEBE /* LaunchScreen.storyboard in Resources */,
				834D020C2584ED9E0050EEBE /* Assets.xcassets in Resources */,
				834D020A2584ED9C0050EEBE /* Main.storyboard in Resources */,
			);
			runOnlyForDeploymentPostprocessing = 0;
		};
/* End PBXResourcesBuildPhase section */

/* Begin PBXShellScriptBuildPhase section */
		191F807D47CAFF108C523842 /* [CP] Check Pods Manifest.lock */ = {
			isa = PBXShellScriptBuildPhase;
			buildActionMask = 2147483647;
			files = (
			);
			inputFileListPaths = (
			);
			inputPaths = (
				"${PODS_PODFILE_DIR_PATH}/Podfile.lock",
				"${PODS_ROOT}/Manifest.lock",
			);
			name = "[CP] Check Pods Manifest.lock";
			outputFileListPaths = (
			);
			outputPaths = (
				"$(DERIVED_FILE_DIR)/Pods-Marvel Portal-checkManifestLockResult.txt",
			);
			runOnlyForDeploymentPostprocessing = 0;
			shellPath = /bin/sh;
			shellScript = "diff \"${PODS_PODFILE_DIR_PATH}/Podfile.lock\" \"${PODS_ROOT}/Manifest.lock\" > /dev/null\nif [ $? != 0 ] ; then\n    # print error to STDERR\n    echo \"error: The sandbox is not in sync with the Podfile.lock. Run 'pod install' or update your CocoaPods installation.\" >&2\n    exit 1\nfi\n# This output is used by Xcode 'outputs' to avoid re-running this script phase.\necho \"SUCCESS\" > \"${SCRIPT_OUTPUT_FILE_0}\"\n";
			showEnvVarsInLog = 0;
		};
		E32753166FC7392AB380584F /* [CP] Embed Pods Frameworks */ = {
			isa = PBXShellScriptBuildPhase;
			buildActionMask = 2147483647;
			files = (
			);
			inputFileListPaths = (
				"${PODS_ROOT}/Target Support Files/Pods-Marvel Portal/Pods-Marvel Portal-frameworks-${CONFIGURATION}-input-files.xcfilelist",
			);
			name = "[CP] Embed Pods Frameworks";
			outputFileListPaths = (
				"${PODS_ROOT}/Target Support Files/Pods-Marvel Portal/Pods-Marvel Portal-frameworks-${CONFIGURATION}-output-files.xcfilelist",
			);
			runOnlyForDeploymentPostprocessing = 0;
			shellPath = /bin/sh;
			shellScript = "\"${PODS_ROOT}/Target Support Files/Pods-Marvel Portal/Pods-Marvel Portal-frameworks.sh\"\n";
			showEnvVarsInLog = 0;
		};
/* End PBXShellScriptBuildPhase section */

/* Begin PBXSourcesBuildPhase section */
		834D01FB2584ED9C0050EEBE /* Sources */ = {
			isa = PBXSourcesBuildPhase;
			buildActionMask = 2147483647;
			files = (
				834D02182584EE270050EEBE /* APICharactersList.swift in Sources */,
				834D02072584ED9C0050EEBE /* ViewController.swift in Sources */,
				834D02222585037A0050EEBE /* MarvelCVCell.swift in Sources */,
				834D02032584ED9C0050EEBE /* AppDelegate.swift in Sources */,
				838B1DF3258792C90035E3DE /* APIManager.swift in Sources */,
				838B1DF6258794F20035E3DE /* CharactersName.swift in Sources */,
				838B1DFC2587B04F0035E3DE /* CharactersInfoVC.swift in Sources */,
				834D02052584ED9C0050EEBE /* SceneDelegate.swift in Sources */,
				834D02262585041E0050EEBE /* Constants.swift in Sources */,
			);
			runOnlyForDeploymentPostprocessing = 0;
		};
/* End PBXSourcesBuildPhase section */

/* Begin PBXVariantGroup section */
		834D02082584ED9C0050EEBE /* Main.storyboard */ = {
			isa = PBXVariantGroup;
			children = (
				834D02092584ED9C0050EEBE /* Base */,
			);
			name = Main.storyboard;
			sourceTree = "<group>";
		};
		834D020D2584ED9E0050EEBE /* LaunchScreen.storyboard */ = {
			isa = PBXVariantGroup;
			children = (
				834D020E2584ED9E0050EEBE /* Base */,
			);
			name = LaunchScreen.storyboard;
			sourceTree = "<group>";
		};
/* End PBXVariantGroup section */

/* Begin XCBuildConfiguration section */
		834D02112584ED9E0050EEBE /* Debug */ = {
			isa = XCBuildConfiguration;
			buildSettings = {
				ALWAYS_SEARCH_USER_PATHS = NO;
				CLANG_ANALYZER_NONNULL = YES;
				CLANG_ANALYZER_NUMBER_OBJECT_CONVERSION = YES_AGGRESSIVE;
				CLANG_CXX_LANGUAGE_STANDARD = "gnu++14";
				CLANG_CXX_LIBRARY = "libc++";
				CLANG_ENABLE_MODULES = YES;
				CLANG_ENABLE_OBJC_ARC = YES;
				CLANG_ENABLE_OBJC_WEAK = YES;
				CLANG_WARN_BLOCK_CAPTURE_AUTORELEASING = YES;
				CLANG_WARN_BOOL_CONVERSION = YES;
				CLANG_WARN_COMMA = YES;
				CLANG_WARN_CONSTANT_CONVERSION = YES;
				CLANG_WARN_DEPRECATED_OBJC_IMPLEMENTATIONS = YES;
				CLANG_WARN_DIRECT_OBJC_ISA_USAGE = YES_ERROR;
				CLANG_WARN_DOCUMENTATION_COMMENTS = YES;
				CLANG_WARN_EMPTY_BODY = YES;
				CLANG_WARN_ENUM_CONVERSION = YES;
				CLANG_WARN_INFINITE_RECURSION = YES;
				CLANG_WARN_INT_CONVERSION = YES;
				CLANG_WARN_NON_LITERAL_NULL_CONVERSION = YES;
				CLANG_WARN_OBJC_IMPLICIT_RETAIN_SELF = YES;
				CLANG_WARN_OBJC_LITERAL_CONVERSION = YES;
				CLANG_WARN_OBJC_ROOT_CLASS = YES_ERROR;
				CLANG_WARN_QUOTED_INCLUDE_IN_FRAMEWORK_HEADER = YES;
				CLANG_WARN_RANGE_LOOP_ANALYSIS = YES;
				CLANG_WARN_STRICT_PROTOTYPES = YES;
				CLANG_WARN_SUSPICIOUS_MOVE = YES;
				CLANG_WARN_UNGUARDED_AVAILABILITY = YES_AGGRESSIVE;
				CLANG_WARN_UNREACHABLE_CODE = YES;
				CLANG_WARN__DUPLICATE_METHOD_MATCH = YES;
				COPY_PHASE_STRIP = NO;
				DEBUG_INFORMATION_FORMAT = dwarf;
				ENABLE_STRICT_OBJC_MSGSEND = YES;
				ENABLE_TESTABILITY = YES;
				GCC_C_LANGUAGE_STANDARD = gnu11;
				GCC_DYNAMIC_NO_PIC = NO;
				GCC_NO_COMMON_BLOCKS = YES;
				GCC_OPTIMIZATION_LEVEL = 0;
				GCC_PREPROCESSOR_DEFINITIONS = (
					"DEBUG=1",
					"$(inherited)",
				);
				GCC_WARN_64_TO_32_BIT_CONVERSION = YES;
				GCC_WARN_ABOUT_RETURN_TYPE = YES_ERROR;
				GCC_WARN_UNDECLARED_SELECTOR = YES;
				GCC_WARN_UNINITIALIZED_AUTOS = YES_AGGRESSIVE;
				GCC_WARN_UNUSED_FUNCTION = YES;
				GCC_WARN_UNUSED_VARIABLE = YES;
				IPHONEOS_DEPLOYMENT_TARGET = 14.2;
				MTL_ENABLE_DEBUG_INFO = INCLUDE_SOURCE;
				MTL_FAST_MATH = YES;
				ONLY_ACTIVE_ARCH = YES;
				SDKROOT = iphoneos;
				SWIFT_ACTIVE_COMPILATION_CONDITIONS = DEBUG;
				SWIFT_OPTIMIZATION_LEVEL = "-Onone";
			};
			name = Debug;
		};
		834D02122584ED9E0050EEBE /* Release */ = {
			isa = XCBuildConfiguration;
			buildSettings = {
				ALWAYS_SEARCH_USER_PATHS = NO;
				CLANG_ANALYZER_NONNULL = YES;
				CLANG_ANALYZER_NUMBER_OBJECT_CONVERSION = YES_AGGRESSIVE;
				CLANG_CXX_LANGUAGE_STANDARD = "gnu++14";
				CLANG_CXX_LIBRARY = "libc++";
				CLANG_ENABLE_MODULES = YES;
				CLANG_ENABLE_OBJC_ARC = YES;
				CLANG_ENABLE_OBJC_WEAK = YES;
				CLANG_WARN_BLOCK_CAPTURE_AUTORELEASING = YES;
				CLANG_WARN_BOOL_CONVERSION = YES;
				CLANG_WARN_COMMA = YES;
				CLANG_WARN_CONSTANT_CONVERSION = YES;
				CLANG_WARN_DEPRECATED_OBJC_IMPLEMENTATIONS = YES;
				CLANG_WARN_DIRECT_OBJC_ISA_USAGE = YES_ERROR;
				CLANG_WARN_DOCUMENTATION_COMMENTS = YES;
				CLANG_WARN_EMPTY_BODY = YES;
				CLANG_WARN_ENUM_CONVERSION = YES;
				CLANG_WARN_INFINITE_RECURSION = YES;
				CLANG_WARN_INT_CONVERSION = YES;
				CLANG_WARN_NON_LITERAL_NULL_CONVERSION = YES;
				CLANG_WARN_OBJC_IMPLICIT_RETAIN_SELF = YES;
				CLANG_WARN_OBJC_LITERAL_CONVERSION = YES;
				CLANG_WARN_OBJC_ROOT_CLASS = YES_ERROR;
				CLANG_WARN_QUOTED_INCLUDE_IN_FRAMEWORK_HEADER = YES;
				CLANG_WARN_RANGE_LOOP_ANALYSIS = YES;
				CLANG_WARN_STRICT_PROTOTYPES = YES;
				CLANG_WARN_SUSPICIOUS_MOVE = YES;
				CLANG_WARN_UNGUARDED_AVAILABILITY = YES_AGGRESSIVE;
				CLANG_WARN_UNREACHABLE_CODE = YES;
				CLANG_WARN__DUPLICATE_METHOD_MATCH = YES;
				COPY_PHASE_STRIP = NO;
				DEBUG_INFORMATION_FORMAT = "dwarf-with-dsym";
				ENABLE_NS_ASSERTIONS = NO;
				ENABLE_STRICT_OBJC_MSGSEND = YES;
				GCC_C_LANGUAGE_STANDARD = gnu11;
				GCC_NO_COMMON_BLOCKS = YES;
				GCC_WARN_64_TO_32_BIT_CONVERSION = YES;
				GCC_WARN_ABOUT_RETURN_TYPE = YES_ERROR;
				GCC_WARN_UNDECLARED_SELECTOR = YES;
				GCC_WARN_UNINITIALIZED_AUTOS = YES_AGGRESSIVE;
				GCC_WARN_UNUSED_FUNCTION = YES;
				GCC_WARN_UNUSED_VARIABLE = YES;
				IPHONEOS_DEPLOYMENT_TARGET = 14.2;
				MTL_ENABLE_DEBUG_INFO = NO;
				MTL_FAST_MATH = YES;
				SDKROOT = iphoneos;
				SWIFT_COMPILATION_MODE = wholemodule;
				SWIFT_OPTIMIZATION_LEVEL = "-O";
				VALIDATE_PRODUCT = YES;
			};
			name = Release;
		};
		834D02142584ED9E0050EEBE /* Debug */ = {
			isa = XCBuildConfiguration;
			baseConfigurationReference = 18A909FF1BE6E80E1DFBEC22 /* Pods-Marvel Portal.debug.xcconfig */;
			buildSettings = {
				ASSETCATALOG_COMPILER_APPICON_NAME = AppIcon;
				ASSETCATALOG_COMPILER_GLOBAL_ACCENT_COLOR_NAME = AccentColor;
				CODE_SIGN_STYLE = Automatic;
				INFOPLIST_FILE = "Marvel Portal/Info.plist";
				LD_RUNPATH_SEARCH_PATHS = (
					"$(inherited)",
					"@executable_path/Frameworks",
				);
				PRODUCT_BUNDLE_IDENTIFIER = "com.codegradients.Marvel-Portal";
				PRODUCT_NAME = "$(TARGET_NAME)";
				SWIFT_VERSION = 5.0;
				TARGETED_DEVICE_FAMILY = "1,2";
			};
			name = Debug;
		};
		834D02152584ED9E0050EEBE /* Release */ = {
			isa = XCBuildConfiguration;
			baseConfigurationReference = 58303B2024704829C7930ACD /* Pods-Marvel Portal.release.xcconfig */;
			buildSettings = {
				ASSETCATALOG_COMPILER_APPICON_NAME = AppIcon;
				ASSETCATALOG_COMPILER_GLOBAL_ACCENT_COLOR_NAME = AccentColor;
				CODE_SIGN_STYLE = Automatic;
				INFOPLIST_FILE = "Marvel Portal/Info.plist";
				LD_RUNPATH_SEARCH_PATHS = (
					"$(inherited)",
					"@executable_path/Frameworks",
				);
				PRODUCT_BUNDLE_IDENTIFIER = "com.codegradients.Marvel-Portal";
				PRODUCT_NAME = "$(TARGET_NAME)";
				SWIFT_VERSION = 5.0;
				TARGETED_DEVICE_FAMILY = "1,2";
			};
			name = Release;
		};
/* End XCBuildConfiguration section */

/* Begin XCConfigurationList section */
		834D01FA2584ED9B0050EEBE /* Build configuration list for PBXProject "Marvel Portal" */ = {
			isa = XCConfigurationList;
			buildConfigurations = (
				834D02112584ED9E0050EEBE /* Debug */,
				834D02122584ED9E0050EEBE /* Release */,
			);
			defaultConfigurationIsVisible = 0;
			defaultConfigurationName = Release;
		};
		834D02132584ED9E0050EEBE /* Build configuration list for PBXNativeTarget "Marvel Portal" */ = {
			isa = XCConfigurationList;
			buildConfigurations = (
				834D02142584ED9E0050EEBE /* Debug */,
				834D02152584ED9E0050EEBE /* Release */,
			);
			defaultConfigurationIsVisible = 0;
			defaultConfigurationName = Release;
		};
/* End XCConfigurationList section */
	};
	rootObject = 834D01F72584ED9B0050EEBE /* Project object */;
}
